
Microsoft Visual Studio Solution File, Format Version 12.00
# Visual Studio Version 16
VisualStudioVersion = 16.0.29806.167
MinimumVisualStudioVersion = 10.0.40219.1
Project("{9A19103F-16F7-4668-BE54-9A1E7A4F7556}") = "CoinMarketCap", "CoinMarketCap\CoinMarketCap.csproj", "{B801B8C4-28E4-438C-8348-03FBCB1895F1}"
EndProject
Global
	GlobalSection(SolutionConfigurationPlatforms) = preSolution
		Debug|Any CPU = Debug|Any CPU
		Release|Any CPU = Release|Any CPU
	EndGlobalSection
	GlobalSection(ProjectConfigurationPlatforms) = postSolution
		{B801B8C4-28E4-438C-8348-03FBCB1895F1}.Debug|Any CPU.ActiveCfg = Debug|Any CPU
		{B801B8C4-28E4-438C-8348-03FBCB1895F1}.Debug|Any CPU.Build.0 = Debug|Any CPU
		{B801B8C4-28E4-438C-8348-03FBCB1895F1}.Release|Any CPU.ActiveCfg = Release|Any CPU
		{B801B8C4-28E4-438C-8348-03FBCB1895F1}.Release|Any CPU.Build.0 = Release|Any CPU
	EndGlobalSection
	GlobalSection(SolutionProperties) = preSolution
		HideSolutionNode = FALSE
	EndGlobalSection
	GlobalSection(ExtensibilityGlobals) = postSolution
		SolutionGuid = {2D4CD9CD-3F90-46A3-A7A5-7E5AD1735EBB}
	EndGlobalSection
EndGlobal
